<?xml version="1.0" encoding="utf-8"?>
<Project ToolsVersion="4.0" xmlns="http://schemas.microsoft.com/developer/msbuild/2003">
  <ItemGroup>
    <Filter Include="Honey">
      <UniqueIdentifier>{E8A3540D-54B8-7CBE-1D3A-201E890D79EF}</UniqueIdentifier>
    </Filter>
    <Filter Include="Honey\Core">
      <UniqueIdentifier>{407958DB-2C31-9A28-9538-7384810F3519}</UniqueIdentifier>
    </Filter>
    <Filter Include="Honey\ECS">
      <UniqueIdentifier>{324C6F2D-9EB6-23A4-E7F4-D449539E01F9}</UniqueIdentifier>
    </Filter>
    <Filter Include="Honey\ECS\Components">
      <UniqueIdentifier>{07EE7CB6-F37C-0680-9C9B-1A7B88091726}</UniqueIdentifier>
    </Filter>
    <Filter Include="Honey\Events">
      <UniqueIdentifier>{CCDA7D18-B83D-0DBD-61C3-45734D05D93F}</UniqueIdentifier>
    </Filter>
    <Filter Include="Honey\Events\App">
      <UniqueIdentifier>{FC496186-E842-80D8-1175-655DFDCC5FE4}</UniqueIdentifier>
    </Filter>
    <Filter Include="Honey\Events\Keys">
      <UniqueIdentifier>{17D88F52-83EE-8DE8-CC65-190A38BB5E70}</UniqueIdentifier>
    </Filter>
    <Filter Include="Honey\Events\Mouse">
      <UniqueIdentifier>{2477B4A4-105B-75FA-79BB-6F4D65BE5F7C}</UniqueIdentifier>
    </Filter>
    <Filter Include="Honey\Events\Window">
      <UniqueIdentifier>{334A2652-9FAB-0360-2819-4A1294793A1F}</UniqueIdentifier>
    </Filter>
    <Filter Include="Honey\Input">
      <UniqueIdentifier>{E7A1D346-5357-4C3C-DC4B-461348004340}</UniqueIdentifier>
    </Filter>
    <Filter Include="Honey\Layers">
      <UniqueIdentifier>{A7C56027-9328-F0CB-3CAE-288228F0BB4E}</UniqueIdentifier>
    </Filter>
    <Filter Include="Honey\Layers\ImGui">
      <UniqueIdentifier>{119C666A-FD7F-27C0-66E0-211352E31142}</UniqueIdentifier>
    </Filter>
    <Filter Include="Honey\Math">
      <UniqueIdentifier>{C1B95DDB-AD71-9F28-1679-788402503A19}</UniqueIdentifier>
    </Filter>
    <Filter Include="Honey\Math\Matrix">
      <UniqueIdentifier>{454EE05D-B164-DEF3-FADB-69156631AF7B}</UniqueIdentifier>
    </Filter>
    <Filter Include="Honey\Math\Vector">
      <UniqueIdentifier>{C3D41D73-2FEB-1B09-7862-A72AE4B7EC90}</UniqueIdentifier>
    </Filter>
    <Filter Include="Honey\Platform">
      <UniqueIdentifier>{3CC57D4B-2893-7151-1127-E277FD934DB6}</UniqueIdentifier>
    </Filter>
    <Filter Include="Honey\Platform\GLFW">
      <UniqueIdentifier>{FB255119-6787-2E27-F0F4-74D95C5565E6}</UniqueIdentifier>
    </Filter>
    <Filter Include="Honey\Platform\ImGui">
      <UniqueIdentifier>{6637AC43-52C6-350D-FBE4-4908E75246B3}</UniqueIdentifier>
    </Filter>
    <Filter Include="Honey\Platform\OpenGL">
      <UniqueIdentifier>{F0B278C7-5C1F-34C2-2513-CC1F913E562A}</UniqueIdentifier>
    </Filter>
    <Filter Include="Honey\Platform\OpenGL\Buffers">
      <UniqueIdentifier>{6C62A9CB-D87A-90F5-A127-208F0DFF248F}</UniqueIdentifier>
    </Filter>
    <Filter Include="Honey\Profiling">
      <UniqueIdentifier>{6102FD59-CD8D-6A1E-D69E-ED1242A9C61E}</UniqueIdentifier>
    </Filter>
    <Filter Include="Honey\Renderer">
      <UniqueIdentifier>{8ECC5A26-7A9A-4E2C-632E-BF524F9B2A91}</UniqueIdentifier>
    </Filter>
    <Filter Include="Honey\Renderer\2D">
      <UniqueIdentifier>{73F84530-DF0E-44C6-2886-CFE794DB144E}</UniqueIdentifier>
    </Filter>
    <Filter Include="Honey\Renderer\Buffers">
      <UniqueIdentifier>{0A3A62F8-F633-8B4A-DFA0-215BCB39F1B6}</UniqueIdentifier>
    </Filter>
    <Filter Include="Honey\Renderer\Camera">
      <UniqueIdentifier>{46F59484-B261-507F-7B55-E8DCE78072E7}</UniqueIdentifier>
    </Filter>
    <Filter Include="Honey\Scene">
      <UniqueIdentifier>{055F8247-7114-FB3C-FA08-F51366BDF140}</UniqueIdentifier>
    </Filter>
    <Filter Include="Honey\Timing">
      <UniqueIdentifier>{9F4A943A-8BAD-23DF-3433-5C952075EF61}</UniqueIdentifier>
    </Filter>
    <Filter Include="Honey\Window">
      <UniqueIdentifier>{CF3B9441-BB9E-23E6-6424-5C9C5066EF68}</UniqueIdentifier>
    </Filter>
    <Filter Include="third-party">
      <UniqueIdentifier>{9DC1EB7C-0977-6472-926B-5E49FE1F5B76}</UniqueIdentifier>
    </Filter>
    <Filter Include="third-party\stb_image">
      <UniqueIdentifier>{77DAE609-E346-A204-AC3A-3A621866C46C}</UniqueIdentifier>
    </Filter>
  </ItemGroup>
  <ItemGroup>
    <ClInclude Include="Honey.h" />
    <ClInclude Include="Honey\Application.h">
      <Filter>Honey</Filter>
    </ClInclude>
    <ClInclude Include="Honey\Core.h">
      <Filter>Honey</Filter>
    </ClInclude>
    <ClInclude Include="Honey\Core\Assertion.h">
      <Filter>Honey\Core</Filter>
    </ClInclude>
    <ClInclude Include="Honey\Core\Breakpoint.h">
      <Filter>Honey\Core</Filter>
    </ClInclude>
    <ClInclude Include="Honey\Core\Color.h">
      <Filter>Honey\Core</Filter>
    </ClInclude>
    <ClInclude Include="Honey\Core\Compiler.h">
      <Filter>Honey\Core</Filter>
    </ClInclude>
    <ClInclude Include="Honey\Core\DLLAutomation.h">
      <Filter>Honey\Core</Filter>
    </ClInclude>
    <ClInclude Include="Honey\Core\Engine.h">
      <Filter>Honey\Core</Filter>
    </ClInclude>
    <ClInclude Include="Honey\Core\FunctionIdentification.h">
      <Filter>Honey\Core</Filter>
    </ClInclude>
    <ClInclude Include="Honey\Core\Log.h">
      <Filter>Honey\Core</Filter>
    </ClInclude>
    <ClInclude Include="Honey\Core\MemoryManagement.h">
      <Filter>Honey\Core</Filter>
    </ClInclude>
    <ClInclude Include="Honey\Core\MemoryTracking.h">
      <Filter>Honey\Core</Filter>
    </ClInclude>
    <ClInclude Include="Honey\Core\OS.h">
      <Filter>Honey\Core</Filter>
    </ClInclude>
    <ClInclude Include="Honey\Core\Platform.h">
      <Filter>Honey\Core</Filter>
    </ClInclude>
    <ClInclude Include="Honey\Core\Profiling.h">
      <Filter>Honey\Core</Filter>
    </ClInclude>
    <ClInclude Include="Honey\ECS\Behaviour.h">
      <Filter>Honey\ECS</Filter>
    </ClInclude>
    <ClInclude Include="Honey\ECS\Components.h">
      <Filter>Honey\ECS</Filter>
    </ClInclude>
    <ClInclude Include="Honey\ECS\Components\CameraComponent.h">
      <Filter>Honey\ECS\Components</Filter>
    </ClInclude>
    <ClInclude Include="Honey\ECS\Components\NameComponent.h">
      <Filter>Honey\ECS\Components</Filter>
    </ClInclude>
    <ClInclude Include="Honey\ECS\Components\NativeScriptComponent.h">
      <Filter>Honey\ECS\Components</Filter>
    </ClInclude>
    <ClInclude Include="Honey\ECS\Components\SpriteRendererComponent.h">
      <Filter>Honey\ECS\Components</Filter>
    </ClInclude>
    <ClInclude Include="Honey\ECS\Components\TagComponent.h">
      <Filter>Honey\ECS\Components</Filter>
    </ClInclude>
    <ClInclude Include="Honey\ECS\Components\TransformComponent.h">
      <Filter>Honey\ECS\Components</Filter>
    </ClInclude>
    <ClInclude Include="Honey\ECS\Entity.h">
      <Filter>Honey\ECS</Filter>
    </ClInclude>
    <ClInclude Include="Honey\Entrypoint.h">
      <Filter>Honey</Filter>
    </ClInclude>
    <ClInclude Include="Honey\Events\App\AppRenderEvent.h">
      <Filter>Honey\Events\App</Filter>
    </ClInclude>
    <ClInclude Include="Honey\Events\App\AppTickEvent.h">
      <Filter>Honey\Events\App</Filter>
    </ClInclude>
    <ClInclude Include="Honey\Events\App\AppUpdateEvent.h">
      <Filter>Honey\Events\App</Filter>
    </ClInclude>
    <ClInclude Include="Honey\Events\AppEvents.h">
      <Filter>Honey\Events</Filter>
    </ClInclude>
    <ClInclude Include="Honey\Events\Event.h">
      <Filter>Honey\Events</Filter>
    </ClInclude>
    <ClInclude Include="Honey\Events\EventDispatcher.h">
      <Filter>Honey\Events</Filter>
    </ClInclude>
    <ClInclude Include="Honey\Events\KeyEvents.h">
      <Filter>Honey\Events</Filter>
    </ClInclude>
    <ClInclude Include="Honey\Events\Keys\KeyEvent.h">
      <Filter>Honey\Events\Keys</Filter>
    </ClInclude>
    <ClInclude Include="Honey\Events\Keys\KeyPressedEvent.h">
      <Filter>Honey\Events\Keys</Filter>
    </ClInclude>
    <ClInclude Include="Honey\Events\Keys\KeyReleasedEvent.h">
      <Filter>Honey\Events\Keys</Filter>
    </ClInclude>
    <ClInclude Include="Honey\Events\Keys\KeyTypedEvent.h">
      <Filter>Honey\Events\Keys</Filter>
    </ClInclude>
    <ClInclude Include="Honey\Events\Mouse\MouseButtonEvent.h">
      <Filter>Honey\Events\Mouse</Filter>
    </ClInclude>
    <ClInclude Include="Honey\Events\Mouse\MouseButtonPressedEvent.h">
      <Filter>Honey\Events\Mouse</Filter>
    </ClInclude>
    <ClInclude Include="Honey\Events\Mouse\MouseButtonReleased.h">
      <Filter>Honey\Events\Mouse</Filter>
    </ClInclude>
    <ClInclude Include="Honey\Events\Mouse\MouseMovedEvent.h">
      <Filter>Honey\Events\Mouse</Filter>
    </ClInclude>
    <ClInclude Include="Honey\Events\Mouse\MouseScrolledEvent.h">
      <Filter>Honey\Events\Mouse</Filter>
    </ClInclude>
    <ClInclude Include="Honey\Events\MouseEvents.h">
      <Filter>Honey\Events</Filter>
    </ClInclude>
    <ClInclude Include="Honey\Events\Window\WindowCloseEvent.h">
      <Filter>Honey\Events\Window</Filter>
    </ClInclude>
    <ClInclude Include="Honey\Events\Window\WindowResizeEvent.h">
      <Filter>Honey\Events\Window</Filter>
    </ClInclude>
    <ClInclude Include="Honey\Events\WindowEvents.h">
      <Filter>Honey\Events</Filter>
    </ClInclude>
    <ClInclude Include="Honey\Input\Input.h">
      <Filter>Honey\Input</Filter>
    </ClInclude>
    <ClInclude Include="Honey\Input\KeyMods.h">
      <Filter>Honey\Input</Filter>
    </ClInclude>
    <ClInclude Include="Honey\Input\KeyState.h">
      <Filter>Honey\Input</Filter>
    </ClInclude>
    <ClInclude Include="Honey\Input\Keycode.h">
      <Filter>Honey\Input</Filter>
    </ClInclude>
    <ClInclude Include="Honey\Input\MouseButtons.h">
      <Filter>Honey\Input</Filter>
    </ClInclude>
    <ClInclude Include="Honey\Layers\ImGui\ImGuiLayer.h">
      <Filter>Honey\Layers\ImGui</Filter>
    </ClInclude>
    <ClInclude Include="Honey\Layers\Layer.h">
      <Filter>Honey\Layers</Filter>
    </ClInclude>
    <ClInclude Include="Honey\Layers\LayerStack.h">
      <Filter>Honey\Layers</Filter>
    </ClInclude>
    <ClInclude Include="Honey\Math\Math.h">
      <Filter>Honey\Math</Filter>
    </ClInclude>
    <ClInclude Include="Honey\Math\MathFunctions.h">
      <Filter>Honey\Math</Filter>
    </ClInclude>
    <ClInclude Include="Honey\Math\Matrix\Matrix4x4.h">
      <Filter>Honey\Math\Matrix</Filter>
    </ClInclude>
    <ClInclude Include="Honey\Math\Quaternion.h">
      <Filter>Honey\Math</Filter>
    </ClInclude>
    <ClInclude Include="Honey\Math\Random.h">
      <Filter>Honey\Math</Filter>
    </ClInclude>
    <ClInclude Include="Honey\Math\Vector\Vector2.h">
      <Filter>Honey\Math\Vector</Filter>
    </ClInclude>
    <ClInclude Include="Honey\Math\Vector\Vector3.h">
      <Filter>Honey\Math\Vector</Filter>
    </ClInclude>
    <ClInclude Include="Honey\Math\Vector\Vector4.h">
      <Filter>Honey\Math\Vector</Filter>
    </ClInclude>
    <ClInclude Include="Honey\Math\Vectors.h">
      <Filter>Honey\Math</Filter>
    </ClInclude>
    <ClInclude Include="Honey\Platform\GLFW\GlfwPlatformsWindow.h">
      <Filter>Honey\Platform\GLFW</Filter>
    </ClInclude>
    <ClInclude Include="Honey\Platform\ImGui\ImGuiGlfwImplementation.h">
      <Filter>Honey\Platform\ImGui</Filter>
    </ClInclude>
    <ClInclude Include="Honey\Platform\ImGui\ImGuiOpenGLRender.h">
      <Filter>Honey\Platform\ImGui</Filter>
    </ClInclude>
    <ClInclude Include="Honey\Platform\ImGui\ImGuiWin32Implementation.h">
      <Filter>Honey\Platform\ImGui</Filter>
    </ClInclude>
    <ClInclude Include="Honey\Platform\OpenGL\Buffers.h">
      <Filter>Honey\Platform\OpenGL</Filter>
    </ClInclude>
    <ClInclude Include="Honey\Platform\OpenGL\Buffers\OpenGLFrameBuffer.h">
      <Filter>Honey\Platform\OpenGL\Buffers</Filter>
    </ClInclude>
    <ClInclude Include="Honey\Platform\OpenGL\Buffers\OpenGLIndexBuffer.h">
      <Filter>Honey\Platform\OpenGL\Buffers</Filter>
    </ClInclude>
    <ClInclude Include="Honey\Platform\OpenGL\Buffers\OpenGLVertexBuffer.h">
      <Filter>Honey\Platform\OpenGL\Buffers</Filter>
    </ClInclude>
    <ClInclude Include="Honey\Platform\OpenGL\OpenGLContext.h">
      <Filter>Honey\Platform\OpenGL</Filter>
    </ClInclude>
    <ClInclude Include="Honey\Platform\OpenGL\OpenGLRendererAPI.h">
      <Filter>Honey\Platform\OpenGL</Filter>
    </ClInclude>
    <ClInclude Include="Honey\Platform\OpenGL\OpenGLShader.h">
      <Filter>Honey\Platform\OpenGL</Filter>
    </ClInclude>
    <ClInclude Include="Honey\Platform\OpenGL\OpenGLTexture.h">
      <Filter>Honey\Platform\OpenGL</Filter>
    </ClInclude>
    <ClInclude Include="Honey\Platform\OpenGL\OpenGLVertexArray.h">
      <Filter>Honey\Platform\OpenGL</Filter>
    </ClInclude>
    <ClInclude Include="Honey\Profiling\InstrumentationTimer.h">
      <Filter>Honey\Profiling</Filter>
    </ClInclude>
    <ClInclude Include="Honey\Profiling\Instrumentor.h">
      <Filter>Honey\Profiling</Filter>
    </ClInclude>
    <ClInclude Include="Honey\Profiling\ProfileResult.h">
      <Filter>Honey\Profiling</Filter>
    </ClInclude>
    <ClInclude Include="Honey\Renderer\2D\Quad.h">
      <Filter>Honey\Renderer\2D</Filter>
    </ClInclude>
    <ClInclude Include="Honey\Renderer\2D\Renderer2D.h">
      <Filter>Honey\Renderer\2D</Filter>
    </ClInclude>
    <ClInclude Include="Honey\Renderer\2D\Sprite.h">
      <Filter>Honey\Renderer\2D</Filter>
    </ClInclude>
    <ClInclude Include="Honey\Renderer\Buffers.h">
      <Filter>Honey\Renderer</Filter>
    </ClInclude>
    <ClInclude Include="Honey\Renderer\Buffers\BufferElement.h">
      <Filter>Honey\Renderer\Buffers</Filter>
    </ClInclude>
    <ClInclude Include="Honey\Renderer\Buffers\BufferLayout.h">
      <Filter>Honey\Renderer\Buffers</Filter>
    </ClInclude>
    <ClInclude Include="Honey\Renderer\Buffers\FrameBuffer.h">
      <Filter>Honey\Renderer\Buffers</Filter>
    </ClInclude>
    <ClInclude Include="Honey\Renderer\Buffers\IndexBuffer.h">
      <Filter>Honey\Renderer\Buffers</Filter>
    </ClInclude>
    <ClInclude Include="Honey\Renderer\Buffers\VertexBuffer.h">
      <Filter>Honey\Renderer\Buffers</Filter>
    </ClInclude>
    <ClInclude Include="Honey\Renderer\Camera\Camera.h">
      <Filter>Honey\Renderer\Camera</Filter>
    </ClInclude>
    <ClInclude Include="Honey\Renderer\Camera\OrthographicCamera.h">
      <Filter>Honey\Renderer\Camera</Filter>
    </ClInclude>
    <ClInclude Include="Honey\Renderer\Camera\OrthographicCameraController.h">
      <Filter>Honey\Renderer\Camera</Filter>
    </ClInclude>
    <ClInclude Include="Honey\Renderer\GraphicsContext.h">
      <Filter>Honey\Renderer</Filter>
    </ClInclude>
    <ClInclude Include="Honey\Renderer\RenderCommand.h">
      <Filter>Honey\Renderer</Filter>
    </ClInclude>
    <ClInclude Include="Honey\Renderer\Renderer.h">
      <Filter>Honey\Renderer</Filter>
    </ClInclude>
    <ClInclude Include="Honey\Renderer\RendererAPI.h">
      <Filter>Honey\Renderer</Filter>
    </ClInclude>
    <ClInclude Include="Honey\Renderer\Shader.h">
      <Filter>Honey\Renderer</Filter>
    </ClInclude>
    <ClInclude Include="Honey\Renderer\ShaderDataType.h">
      <Filter>Honey\Renderer</Filter>
    </ClInclude>
    <ClInclude Include="Honey\Renderer\ShaderLibrary.h">
      <Filter>Honey\Renderer</Filter>
    </ClInclude>
    <ClInclude Include="Honey\Renderer\SubTexture.h">
      <Filter>Honey\Renderer</Filter>
    </ClInclude>
    <ClInclude Include="Honey\Renderer\Texture.h">
      <Filter>Honey\Renderer</Filter>
    </ClInclude>
    <ClInclude Include="Honey\Renderer\VertexArray.h">
      <Filter>Honey\Renderer</Filter>
    </ClInclude>
    <ClInclude Include="Honey\Scene\Scene.h">
      <Filter>Honey\Scene</Filter>
    </ClInclude>
    <ClInclude Include="Honey\Scene\SceneCamera.h">
      <Filter>Honey\Scene</Filter>
    </ClInclude>
    <ClInclude Include="Honey\Timing\Time.h">
      <Filter>Honey\Timing</Filter>
    </ClInclude>
    <ClInclude Include="Honey\Timing\Timestamp.h">
      <Filter>Honey\Timing</Filter>
    </ClInclude>
    <ClInclude Include="Honey\Window\Window.h">
      <Filter>Honey\Window</Filter>
    </ClInclude>
    <ClInclude Include="Honey\Window\WindowProperties.h">
      <Filter>Honey\Window</Filter>
    </ClInclude>
  </ItemGroup>
  <ItemGroup>
    <ClCompile Include="..\..\third-party\stb_image\stb_image.cpp">
      <Filter>third-party\stb_image</Filter>
    </ClCompile>
    <ClCompile Include="Honey\Application.cpp">
      <Filter>Honey</Filter>
    </ClCompile>
    <ClCompile Include="Honey\Core\Color.cpp">
      <Filter>Honey\Core</Filter>
    </ClCompile>
    <ClCompile Include="Honey\Core\Engine.cpp">
      <Filter>Honey\Core</Filter>
    </ClCompile>
    <ClCompile Include="Honey\Core\Log.cpp">
      <Filter>Honey\Core</Filter>
    </ClCompile>
    <ClCompile Include="Honey\Core\MemoryTracking.cpp">
      <Filter>Honey\Core</Filter>
    </ClCompile>
    <ClCompile Include="Honey\Layers\Layer.cpp">
      <Filter>Honey\Layers</Filter>
    </ClCompile>
    <ClCompile Include="Honey\Layers\LayerStack.cpp">
      <Filter>Honey\Layers</Filter>
    </ClCompile>
    <ClCompile Include="Honey\Math\Matrix\Matrix4x4.cpp">
      <Filter>Honey\Math\Matrix</Filter>
    </ClCompile>
    <ClCompile Include="Honey\Math\Quaternion.cpp">
      <Filter>Honey\Math</Filter>
    </ClCompile>
    <ClCompile Include="Honey\Math\Random.cpp">
      <Filter>Honey\Math</Filter>
    </ClCompile>
    <ClCompile Include="Honey\Math\Vector\Vector2.cpp">
      <Filter>Honey\Math\Vector</Filter>
    </ClCompile>
    <ClCompile Include="Honey\Math\Vector\Vector3.cpp">
      <Filter>Honey\Math\Vector</Filter>
    </ClCompile>
    <ClCompile Include="Honey\Math\Vector\Vector4.cpp">
      <Filter>Honey\Math\Vector</Filter>
    </ClCompile>
    <ClCompile Include="Honey\Platform\GLFW\GlfwImGuiLayer.cpp">
      <Filter>Honey\Platform\GLFW</Filter>
    </ClCompile>
    <ClCompile Include="Honey\Platform\GLFW\GlfwOpenGLContext.cpp">
      <Filter>Honey\Platform\GLFW</Filter>
    </ClCompile>
    <ClCompile Include="Honey\Platform\GLFW\GlfwPlatform.cpp">
      <Filter>Honey\Platform\GLFW</Filter>
    </ClCompile>
    <ClCompile Include="Honey\Platform\GLFW\GlfwPlatformsInput.cpp">
      <Filter>Honey\Platform\GLFW</Filter>
    </ClCompile>
    <ClCompile Include="Honey\Platform\GLFW\GlfwPlatformsWindow.cpp">
      <Filter>Honey\Platform\GLFW</Filter>
    </ClCompile>
    <ClCompile Include="Honey\Platform\ImGui\ImGuiGlfwImplementation.cpp">
      <Filter>Honey\Platform\ImGui</Filter>
    </ClCompile>
    <ClCompile Include="Honey\Platform\ImGui\ImGuiOpenGLRenderer.cpp">
      <Filter>Honey\Platform\ImGui</Filter>
    </ClCompile>
    <ClCompile Include="Honey\Platform\ImGui\ImGuiWin32Implementation.cpp">
      <Filter>Honey\Platform\ImGui</Filter>
    </ClCompile>
    <ClCompile Include="Honey\Platform\OpenGL\Buffers\OpenGLFrameBuffer.cpp">
      <Filter>Honey\Platform\OpenGL\Buffers</Filter>
    </ClCompile>
    <ClCompile Include="Honey\Platform\OpenGL\Buffers\OpenGLIndexBuffer.cpp">
      <Filter>Honey\Platform\OpenGL\Buffers</Filter>
    </ClCompile>
    <ClCompile Include="Honey\Platform\OpenGL\Buffers\OpenGLVertexBuffer.cpp">
      <Filter>Honey\Platform\OpenGL\Buffers</Filter>
    </ClCompile>
    <ClCompile Include="Honey\Platform\OpenGL\OpenGLRendererAPI.cpp">
      <Filter>Honey\Platform\OpenGL</Filter>
    </ClCompile>
    <ClCompile Include="Honey\Platform\OpenGL\OpenGLShader.cpp">
      <Filter>Honey\Platform\OpenGL</Filter>
    </ClCompile>
    <ClCompile Include="Honey\Platform\OpenGL\OpenGLTexture.cpp">
      <Filter>Honey\Platform\OpenGL</Filter>
    </ClCompile>
    <ClCompile Include="Honey\Platform\OpenGL\OpenGLVertexArray.cpp">
      <Filter>Honey\Platform\OpenGL</Filter>
    </ClCompile>
    <ClCompile Include="Honey\Renderer\2D\Quad.cpp">
      <Filter>Honey\Renderer\2D</Filter>
    </ClCompile>
    <ClCompile Include="Honey\Renderer\2D\Renderer2D.cpp">
      <Filter>Honey\Renderer\2D</Filter>
    </ClCompile>
    <ClCompile Include="Honey\Renderer\Buffers\FrameBuffer.cpp">
      <Filter>Honey\Renderer\Buffers</Filter>
    </ClCompile>
    <ClCompile Include="Honey\Renderer\Buffers\IndexBuffer.cpp">
      <Filter>Honey\Renderer\Buffers</Filter>
    </ClCompile>
    <ClCompile Include="Honey\Renderer\Buffers\VertexBuffer.cpp">
      <Filter>Honey\Renderer\Buffers</Filter>
    </ClCompile>
    <ClCompile Include="Honey\Renderer\Camera\OrthographicCamera.cpp">
      <Filter>Honey\Renderer\Camera</Filter>
    </ClCompile>
    <ClCompile Include="Honey\Renderer\Camera\OrthographicCameraController.cpp">
      <Filter>Honey\Renderer\Camera</Filter>
    </ClCompile>
    <ClCompile Include="Honey\Renderer\GraphicsContext.cpp">
      <Filter>Honey\Renderer</Filter>
    </ClCompile>
    <ClCompile Include="Honey\Renderer\RenderCommand.cpp">
      <Filter>Honey\Renderer</Filter>
    </ClCompile>
    <ClCompile Include="Honey\Renderer\Renderer.cpp">
      <Filter>Honey\Renderer</Filter>
    </ClCompile>
    <ClCompile Include="Honey\Renderer\RendererAPI.cpp">
      <Filter>Honey\Renderer</Filter>
    </ClCompile>
    <ClCompile Include="Honey\Renderer\Shader.cpp">
      <Filter>Honey\Renderer</Filter>
    </ClCompile>
    <ClCompile Include="Honey\Renderer\ShaderLibrary.cpp">
      <Filter>Honey\Renderer</Filter>
    </ClCompile>
    <ClCompile Include="Honey\Renderer\SubTexture.cpp">
      <Filter>Honey\Renderer</Filter>
    </ClCompile>
    <ClCompile Include="Honey\Renderer\Texture.cpp">
      <Filter>Honey\Renderer</Filter>
    </ClCompile>
    <ClCompile Include="Honey\Renderer\VertexArray.cpp">
      <Filter>Honey\Renderer</Filter>
    </ClCompile>
    <ClCompile Include="Honey\Scene\Scene.cpp">
      <Filter>Honey\Scene</Filter>
    </ClCompile>
    <ClCompile Include="Honey\Scene\SceneCamera.cpp">
      <Filter>Honey\Scene</Filter>
    </ClCompile>
    <ClCompile Include="Honey\Window\Window.cpp">
      <Filter>Honey\Window</Filter>
    </ClCompile>
  </ItemGroup>
</Project>