<?xml version="1.0" encoding="utf-8"?>
<Project ToolsVersion="4.0" xmlns="http://schemas.microsoft.com/developer/msbuild/2003">
  <ItemGroup>
    <Filter Include="Honey">
      <UniqueIdentifier>{E8A3540D-54B8-7CBE-1D3A-201E890D79EF}</UniqueIdentifier>
    </Filter>
    <Filter Include="Honey\Events">
      <UniqueIdentifier>{CCDA7D18-B83D-0DBD-61C3-45734D05D93F}</UniqueIdentifier>
    </Filter>
    <Filter Include="Honey\Events\App">
      <UniqueIdentifier>{FC496186-E842-80D8-1175-655DFDCC5FE4}</UniqueIdentifier>
    </Filter>
    <Filter Include="Honey\Events\Keys">
      <UniqueIdentifier>{17D88F52-83EE-8DE8-CC65-190A38BB5E70}</UniqueIdentifier>
    </Filter>
    <Filter Include="Honey\Events\Mouse">
      <UniqueIdentifier>{2477B4A4-105B-75FA-79BB-6F4D65BE5F7C}</UniqueIdentifier>
    </Filter>
    <Filter Include="Honey\Events\Window">
      <UniqueIdentifier>{334A2652-9FAB-0360-2819-4A1294793A1F}</UniqueIdentifier>
    </Filter>
    <Filter Include="Honey\Logging">
      <UniqueIdentifier>{7EECDC32-EAAC-5869-B3E7-A1E61F679D45}</UniqueIdentifier>
    </Filter>
  </ItemGroup>
  <ItemGroup>
    <ClInclude Include="Honey.h" />
    <ClInclude Include="Honey\Application.h">
      <Filter>Honey</Filter>
    </ClInclude>
    <ClInclude Include="Honey\Core.h">
      <Filter>Honey</Filter>
    </ClInclude>
    <ClInclude Include="Honey\Entrypoint.h">
      <Filter>Honey</Filter>
    </ClInclude>
    <ClInclude Include="Honey\Events\App\AppRenderEvent.h">
      <Filter>Honey\Events\App</Filter>
    </ClInclude>
    <ClInclude Include="Honey\Events\App\AppTickEvent.h">
      <Filter>Honey\Events\App</Filter>
    </ClInclude>
    <ClInclude Include="Honey\Events\App\AppUpdateEvent.h">
      <Filter>Honey\Events\App</Filter>
    </ClInclude>
    <ClInclude Include="Honey\Events\AppEvents.h">
      <Filter>Honey\Events</Filter>
    </ClInclude>
    <ClInclude Include="Honey\Events\Event.h">
      <Filter>Honey\Events</Filter>
    </ClInclude>
    <ClInclude Include="Honey\Events\EventDispatcher.h">
      <Filter>Honey\Events</Filter>
    </ClInclude>
    <ClInclude Include="Honey\Events\KeyEvents.h">
      <Filter>Honey\Events</Filter>
    </ClInclude>
    <ClInclude Include="Honey\Events\Keys\KeyEvent.h">
      <Filter>Honey\Events\Keys</Filter>
    </ClInclude>
    <ClInclude Include="Honey\Events\Keys\KeyPressedEvent.h">
      <Filter>Honey\Events\Keys</Filter>
    </ClInclude>
    <ClInclude Include="Honey\Events\Keys\KeyReleasedEvent.h">
      <Filter>Honey\Events\Keys</Filter>
    </ClInclude>
    <ClInclude Include="Honey\Events\Keys\KeyTypedEvent.h">
      <Filter>Honey\Events\Keys</Filter>
    </ClInclude>
    <ClInclude Include="Honey\Events\Mouse\MouseButtonEvent.h">
      <Filter>Honey\Events\Mouse</Filter>
    </ClInclude>
    <ClInclude Include="Honey\Events\Mouse\MouseButtonPressedEvent.h">
      <Filter>Honey\Events\Mouse</Filter>
    </ClInclude>
    <ClInclude Include="Honey\Events\Mouse\MouseButtonReleased.h">
      <Filter>Honey\Events\Mouse</Filter>
    </ClInclude>
    <ClInclude Include="Honey\Events\Mouse\MouseMovedEvent.h">
      <Filter>Honey\Events\Mouse</Filter>
    </ClInclude>
    <ClInclude Include="Honey\Events\Mouse\MouseScrolledEvent.h">
      <Filter>Honey\Events\Mouse</Filter>
    </ClInclude>
    <ClInclude Include="Honey\Events\MouseEvents.h">
      <Filter>Honey\Events</Filter>
    </ClInclude>
    <ClInclude Include="Honey\Events\Window\WindowCloseEvent.h">
      <Filter>Honey\Events\Window</Filter>
    </ClInclude>
    <ClInclude Include="Honey\Events\Window\WindowResizeEvent.h">
      <Filter>Honey\Events\Window</Filter>
    </ClInclude>
    <ClInclude Include="Honey\Events\WindowEvents.h">
      <Filter>Honey\Events</Filter>
    </ClInclude>
    <ClInclude Include="Honey\Logging\Log.h">
      <Filter>Honey\Logging</Filter>
    </ClInclude>
    <ClInclude Include="Honey\Window\Window.h" />
    <ClInclude Include="Honey\Window\WindowProperties.h" />
    <ClInclude Include="Honey\Platform\Window\WinWindow.h" />
  </ItemGroup>
  <ItemGroup>
    <ClCompile Include="Honey\Application.cpp">
      <Filter>Honey</Filter>
    </ClCompile>
    <ClCompile Include="Honey\Logging\Log.cpp">
      <Filter>Honey\Logging</Filter>
    </ClCompile>
    <ClCompile Include="Honey\Platform\Window\WinWindow.cpp" />
  </ItemGroup>
</Project>