
Microsoft Visual Studio Solution File, Format Version 12.00
# Visual Studio 16
Project("{2150E333-8FDC-42A3-9474-1A3956D46DE8}") = "Solution Items", "Solution Items", "{A144FE08-8DD3-87D2-36F2-9BCD22609878}"
	ProjectSection(SolutionItems) = preProject
		.gitmodules = .gitmodules
		.gitignore = .gitignore
		.editorconfig = .editorconfig
	EndProjectSection
EndProject
Project("{2150E333-8FDC-42A3-9474-1A3956D46DE8}") = "Tools", "Tools", "{DD376B17-49ED-E30C-D2E1-DDE33E96DA10}"
EndProject
Project("{8BC9CEB8-8B4A-11D0-8D11-00A0C91BC942}") = "Honeycomb", "Projects\Honeycomb\Honeycomb.vcxproj", "{09888C2D-75F2-40A4-BE30-F2492ADA1EF9}"
EndProject
Project("{8BC9CEB8-8B4A-11D0-8D11-00A0C91BC942}") = "Honeypot", "Projects\Honeypot\Honeypot.vcxproj", "{1BE6B656-07B3-1162-30CC-FF091CF846F0}"
EndProject
Project("{2150E333-8FDC-42A3-9474-1A3956D46DE8}") = "Dependencies", "Dependencies", "{53E47842-3FC8-3998-A828-34EB942B241A}"
EndProject
Project("{8BC9CEB8-8B4A-11D0-8D11-00A0C91BC942}") = "GLAD", "third-party\glad\GLAD.vcxproj", "{5D4A857C-4981-860D-F26D-6C10DE83020F}"
EndProject
Project("{8BC9CEB8-8B4A-11D0-8D11-00A0C91BC942}") = "GLFW", "third-party\glfw\GLFW.vcxproj", "{154B857C-0182-860D-AA6E-6C109684020F}"
EndProject
Project("{8BC9CEB8-8B4A-11D0-8D11-00A0C91BC942}") = "ImGui", "third-party\ImGui\ImGui.vcxproj", "{C0FF640D-2C14-8DBE-F595-301E616989EF}"
EndProject
Project("{8BC9CEB8-8B4A-11D0-8D11-00A0C91BC942}") = "Premake", "third-party\premake\Premake.vcxproj", "{6ACC3F23-D6AB-BEBE-DFC3-49954B222520}"
EndProject
Project("{8BC9CEB8-8B4A-11D0-8D11-00A0C91BC942}") = "ThirdParty", "third-party\ThirdParty.vcxproj", "{107145F9-FC28-8746-6530-60A251072237}"
EndProject
Project("{8BC9CEB8-8B4A-11D0-8D11-00A0C91BC942}") = "Honey", "Projects\Honey\Honey.vcxproj", "{E8A3540D-54B8-7CBE-1D3A-201E890D79EF}"
EndProject
Project("{8BC9CEB8-8B4A-11D0-8D11-00A0C91BC942}") = "Sandbox", "Projects\Sandbox\Sandbox.vcxproj", "{F4C124E3-60A1-A37E-69B9-2E55D5170AE0}"
EndProject
Global
	GlobalSection(SolutionConfigurationPlatforms) = preSolution
		Debug|x64 = Debug|x64
		Dist|x64 = Dist|x64
		Release|x64 = Release|x64
	EndGlobalSection
	GlobalSection(ProjectConfigurationPlatforms) = postSolution
		{09888C2D-75F2-40A4-BE30-F2492ADA1EF9}.Debug|x64.ActiveCfg = Debug|x64
		{09888C2D-75F2-40A4-BE30-F2492ADA1EF9}.Debug|x64.Build.0 = Debug|x64
		{09888C2D-75F2-40A4-BE30-F2492ADA1EF9}.Dist|x64.ActiveCfg = Dist|x64
		{09888C2D-75F2-40A4-BE30-F2492ADA1EF9}.Dist|x64.Build.0 = Dist|x64
		{09888C2D-75F2-40A4-BE30-F2492ADA1EF9}.Release|x64.ActiveCfg = Release|x64
		{09888C2D-75F2-40A4-BE30-F2492ADA1EF9}.Release|x64.Build.0 = Release|x64
		{1BE6B656-07B3-1162-30CC-FF091CF846F0}.Debug|x64.ActiveCfg = Debug|x64
		{1BE6B656-07B3-1162-30CC-FF091CF846F0}.Debug|x64.Build.0 = Debug|x64
		{1BE6B656-07B3-1162-30CC-FF091CF846F0}.Dist|x64.ActiveCfg = Dist|x64
		{1BE6B656-07B3-1162-30CC-FF091CF846F0}.Dist|x64.Build.0 = Dist|x64
		{1BE6B656-07B3-1162-30CC-FF091CF846F0}.Release|x64.ActiveCfg = Release|x64
		{1BE6B656-07B3-1162-30CC-FF091CF846F0}.Release|x64.Build.0 = Release|x64
		{5D4A857C-4981-860D-F26D-6C10DE83020F}.Debug|x64.ActiveCfg = Debug|x64
		{5D4A857C-4981-860D-F26D-6C10DE83020F}.Debug|x64.Build.0 = Debug|x64
		{5D4A857C-4981-860D-F26D-6C10DE83020F}.Dist|x64.ActiveCfg = Dist|x64
		{5D4A857C-4981-860D-F26D-6C10DE83020F}.Dist|x64.Build.0 = Dist|x64
		{5D4A857C-4981-860D-F26D-6C10DE83020F}.Release|x64.ActiveCfg = Release|x64
		{5D4A857C-4981-860D-F26D-6C10DE83020F}.Release|x64.Build.0 = Release|x64
		{154B857C-0182-860D-AA6E-6C109684020F}.Debug|x64.ActiveCfg = Debug|x64
		{154B857C-0182-860D-AA6E-6C109684020F}.Debug|x64.Build.0 = Debug|x64
		{154B857C-0182-860D-AA6E-6C109684020F}.Dist|x64.ActiveCfg = Dist|x64
		{154B857C-0182-860D-AA6E-6C109684020F}.Dist|x64.Build.0 = Dist|x64
		{154B857C-0182-860D-AA6E-6C109684020F}.Release|x64.ActiveCfg = Release|x64
		{154B857C-0182-860D-AA6E-6C109684020F}.Release|x64.Build.0 = Release|x64
		{C0FF640D-2C14-8DBE-F595-301E616989EF}.Debug|x64.ActiveCfg = Debug|x64
		{C0FF640D-2C14-8DBE-F595-301E616989EF}.Debug|x64.Build.0 = Debug|x64
		{C0FF640D-2C14-8DBE-F595-301E616989EF}.Dist|x64.ActiveCfg = Dist|x64
		{C0FF640D-2C14-8DBE-F595-301E616989EF}.Dist|x64.Build.0 = Dist|x64
		{C0FF640D-2C14-8DBE-F595-301E616989EF}.Release|x64.ActiveCfg = Release|x64
		{C0FF640D-2C14-8DBE-F595-301E616989EF}.Release|x64.Build.0 = Release|x64
		{6ACC3F23-D6AB-BEBE-DFC3-49954B222520}.Debug|x64.ActiveCfg = Debug|x64
		{6ACC3F23-D6AB-BEBE-DFC3-49954B222520}.Debug|x64.Build.0 = Debug|x64
		{6ACC3F23-D6AB-BEBE-DFC3-49954B222520}.Dist|x64.ActiveCfg = Dist|x64
		{6ACC3F23-D6AB-BEBE-DFC3-49954B222520}.Dist|x64.Build.0 = Dist|x64
		{6ACC3F23-D6AB-BEBE-DFC3-49954B222520}.Release|x64.ActiveCfg = Release|x64
		{6ACC3F23-D6AB-BEBE-DFC3-49954B222520}.Release|x64.Build.0 = Release|x64
		{107145F9-FC28-8746-6530-60A251072237}.Debug|x64.ActiveCfg = Debug|x64
		{107145F9-FC28-8746-6530-60A251072237}.Debug|x64.Build.0 = Debug|x64
		{107145F9-FC28-8746-6530-60A251072237}.Dist|x64.ActiveCfg = Dist|x64
		{107145F9-FC28-8746-6530-60A251072237}.Dist|x64.Build.0 = Dist|x64
		{107145F9-FC28-8746-6530-60A251072237}.Release|x64.ActiveCfg = Release|x64
		{107145F9-FC28-8746-6530-60A251072237}.Release|x64.Build.0 = Release|x64
		{E8A3540D-54B8-7CBE-1D3A-201E890D79EF}.Debug|x64.ActiveCfg = Debug|x64
		{E8A3540D-54B8-7CBE-1D3A-201E890D79EF}.Debug|x64.Build.0 = Debug|x64
		{E8A3540D-54B8-7CBE-1D3A-201E890D79EF}.Dist|x64.ActiveCfg = Dist|x64
		{E8A3540D-54B8-7CBE-1D3A-201E890D79EF}.Dist|x64.Build.0 = Dist|x64
		{E8A3540D-54B8-7CBE-1D3A-201E890D79EF}.Release|x64.ActiveCfg = Release|x64
		{E8A3540D-54B8-7CBE-1D3A-201E890D79EF}.Release|x64.Build.0 = Release|x64
		{F4C124E3-60A1-A37E-69B9-2E55D5170AE0}.Debug|x64.ActiveCfg = Debug|x64
		{F4C124E3-60A1-A37E-69B9-2E55D5170AE0}.Debug|x64.Build.0 = Debug|x64
		{F4C124E3-60A1-A37E-69B9-2E55D5170AE0}.Dist|x64.ActiveCfg = Dist|x64
		{F4C124E3-60A1-A37E-69B9-2E55D5170AE0}.Dist|x64.Build.0 = Dist|x64
		{F4C124E3-60A1-A37E-69B9-2E55D5170AE0}.Release|x64.ActiveCfg = Release|x64
		{F4C124E3-60A1-A37E-69B9-2E55D5170AE0}.Release|x64.Build.0 = Release|x64
	EndGlobalSection
	GlobalSection(SolutionProperties) = preSolution
		HideSolutionNode = FALSE
	EndGlobalSection
	GlobalSection(NestedProjects) = preSolution
		{09888C2D-75F2-40A4-BE30-F2492ADA1EF9} = {DD376B17-49ED-E30C-D2E1-DDE33E96DA10}
		{1BE6B656-07B3-1162-30CC-FF091CF846F0} = {DD376B17-49ED-E30C-D2E1-DDE33E96DA10}
		{5D4A857C-4981-860D-F26D-6C10DE83020F} = {53E47842-3FC8-3998-A828-34EB942B241A}
		{154B857C-0182-860D-AA6E-6C109684020F} = {53E47842-3FC8-3998-A828-34EB942B241A}
		{C0FF640D-2C14-8DBE-F595-301E616989EF} = {53E47842-3FC8-3998-A828-34EB942B241A}
		{6ACC3F23-D6AB-BEBE-DFC3-49954B222520} = {53E47842-3FC8-3998-A828-34EB942B241A}
		{107145F9-FC28-8746-6530-60A251072237} = {53E47842-3FC8-3998-A828-34EB942B241A}
	EndGlobalSection
EndGlobal
